// !$*UTF8*$!
{
	archiveVersion = 1;
	classes = {
	};
	objectVersion = 50;
	objects = {

/* Begin PBXBuildFile section */
		11AED763262DA68600FBE08A /* AppDelegate.swift in Sources */ = {isa = PBXBuildFile; fileRef = 11AED762262DA68600FBE08A /* AppDelegate.swift */; };
		11AED765262DA68600FBE08A /* SceneDelegate.swift in Sources */ = {isa = PBXBuildFile; fileRef = 11AED764262DA68600FBE08A /* SceneDelegate.swift */; };
		11AED767262DA68600FBE08A /* ViewController.swift in Sources */ = {isa = PBXBuildFile; fileRef = 11AED766262DA68600FBE08A /* ViewController.swift */; };
		11AED76A262DA68600FBE08A /* Main.storyboard in Resources */ = {isa = PBXBuildFile; fileRef = 11AED768262DA68600FBE08A /* Main.storyboard */; };
		11AED76C262DA68900FBE08A /* Assets.xcassets in Resources */ = {isa = PBXBuildFile; fileRef = 11AED76B262DA68900FBE08A /* Assets.xcassets */; };
		11AED76F262DA68900FBE08A /* LaunchScreen.storyboard in Resources */ = {isa = PBXBuildFile; fileRef = 11AED76D262DA68900FBE08A /* LaunchScreen.storyboard */; };
		11AED77A262DA68900FBE08A /* LearnNewProjectSetupTests.swift in Sources */ = {isa = PBXBuildFile; fileRef = 11AED779262DA68900FBE08A /* LearnNewProjectSetupTests.swift */; };
		11AED785262DA68900FBE08A /* LearnNewProjectSetupUITests.swift in Sources */ = {isa = PBXBuildFile; fileRef = 11AED784262DA68900FBE08A /* LearnNewProjectSetupUITests.swift */; };
/* End PBXBuildFile section */

/* Begin PBXContainerItemProxy section */
		11AED776262DA68900FBE08A /* PBXContainerItemProxy */ = {
			isa = PBXContainerItemProxy;
			containerPortal = 11AED757262DA68600FBE08A /* Project object */;
			proxyType = 1;
			remoteGlobalIDString = 11AED75E262DA68600FBE08A;
			remoteInfo = LearnNewProjectSetup;
		};
		11AED781262DA68900FBE08A /* PBXContainerItemProxy */ = {
			isa = PBXContainerItemProxy;
			containerPortal = 11AED757262DA68600FBE08A /* Project object */;
			proxyType = 1;
			remoteGlobalIDString = 11AED75E262DA68600FBE08A;
			remoteInfo = LearnNewProjectSetup;
		};
/* End PBXContainerItemProxy section */

/* Begin PBXFileReference section */
		11AED75F262DA68600FBE08A /* LearnNewProjectSetup.app */ = {isa = PBXFileReference; explicitFileType = wrapper.application; includeInIndex = 0; path = LearnNewProjectSetup.app; sourceTree = BUILT_PRODUCTS_DIR; };
		11AED762262DA68600FBE08A /* AppDelegate.swift */ = {isa = PBXFileReference; lastKnownFileType = sourcecode.swift; path = AppDelegate.swift; sourceTree = "<group>"; };
		11AED764262DA68600FBE08A /* SceneDelegate.swift */ = {isa = PBXFileReference; lastKnownFileType = sourcecode.swift; path = SceneDelegate.swift; sourceTree = "<group>"; };
		11AED766262DA68600FBE08A /* ViewController.swift */ = {isa = PBXFileReference; lastKnownFileType = sourcecode.swift; path = ViewController.swift; sourceTree = "<group>"; };
		11AED769262DA68600FBE08A /* Base */ = {isa = PBXFileReference; lastKnownFileType = file.storyboard; name = Base; path = Base.lproj/Main.storyboard; sourceTree = "<group>"; };
		11AED76B262DA68900FBE08A /* Assets.xcassets */ = {isa = PBXFileReference; lastKnownFileType = folder.assetcatalog; path = Assets.xcassets; sourceTree = "<group>"; };
		11AED76E262DA68900FBE08A /* Base */ = {isa = PBXFileReference; lastKnownFileType = file.storyboard; name = Base; path = Base.lproj/LaunchScreen.storyboard; sourceTree = "<group>"; };
		11AED770262DA68900FBE08A /* Info.plist */ = {isa = PBXFileReference; lastKnownFileType = text.plist.xml; path = Info.plist; sourceTree = "<group>"; };
		11AED775262DA68900FBE08A /* LearnNewProjectSetupTests.xctest */ = {isa = PBXFileReference; explicitFileType = wrapper.cfbundle; includeInIndex = 0; path = LearnNewProjectSetupTests.xctest; sourceTree = BUILT_PRODUCTS_DIR; };
		11AED779262DA68900FBE08A /* LearnNewProjectSetupTests.swift */ = {isa = PBXFileReference; lastKnownFileType = sourcecode.swift; path = LearnNewProjectSetupTests.swift; sourceTree = "<group>"; };
		11AED77B262DA68900FBE08A /* Info.plist */ = {isa = PBXFileReference; lastKnownFileType = text.plist.xml; path = Info.plist; sourceTree = "<group>"; };
		11AED780262DA68900FBE08A /* LearnNewProjectSetupUITests.xctest */ = {isa = PBXFileReference; explicitFileType = wrapper.cfbundle; includeInIndex = 0; path = LearnNewProjectSetupUITests.xctest; sourceTree = BUILT_PRODUCTS_DIR; };
		11AED784262DA68900FBE08A /* LearnNewProjectSetupUITests.swift */ = {isa = PBXFileReference; lastKnownFileType = sourcecode.swift; path = LearnNewProjectSetupUITests.swift; sourceTree = "<group>"; };
		11AED786262DA68900FBE08A /* Info.plist */ = {isa = PBXFileReference; lastKnownFileType = text.plist.xml; path = Info.plist; sourceTree = "<group>"; };
/* End PBXFileReference section */

/* Begin PBXFrameworksBuildPhase section */
		11AED75C262DA68600FBE08A /* Frameworks */ = {
			isa = PBXFrameworksBuildPhase;
			buildActionMask = 2147483647;
			files = (
			);
			runOnlyForDeploymentPostprocessing = 0;
		};
		11AED772262DA68900FBE08A /* Frameworks */ = {
			isa = PBXFrameworksBuildPhase;
			buildActionMask = 2147483647;
			files = (
			);
			runOnlyForDeploymentPostprocessing = 0;
		};
		11AED77D262DA68900FBE08A /* Frameworks */ = {
			isa = PBXFrameworksBuildPhase;
			buildActionMask = 2147483647;
			files = (
			);
			runOnlyForDeploymentPostprocessing = 0;
		};
/* End PBXFrameworksBuildPhase section */

/* Begin PBXGroup section */
		11AED756262DA68600FBE08A = {
			isa = PBXGroup;
			children = (
				11AED761262DA68600FBE08A /* LearnNewProjectSetup */,
				11AED778262DA68900FBE08A /* LearnNewProjectSetupTests */,
				11AED783262DA68900FBE08A /* LearnNewProjectSetupUITests */,
				11AED760262DA68600FBE08A /* Products */,
			);
			sourceTree = "<group>";
		};
		11AED760262DA68600FBE08A /* Products */ = {
			isa = PBXGroup;
			children = (
				11AED75F262DA68600FBE08A /* LearnNewProjectSetup.app */,
				11AED775262DA68900FBE08A /* LearnNewProjectSetupTests.xctest */,
				11AED780262DA68900FBE08A /* LearnNewProjectSetupUITests.xctest */,
			);
			name = Products;
			sourceTree = "<group>";
		};
		11AED761262DA68600FBE08A /* LearnNewProjectSetup */ = {
			isa = PBXGroup;
			children = (
				11AED762262DA68600FBE08A /* AppDelegate.swift */,
				11AED764262DA68600FBE08A /* SceneDelegate.swift */,
				11AED766262DA68600FBE08A /* ViewController.swift */,
				11AED768262DA68600FBE08A /* Main.storyboard */,
				11AED76B262DA68900FBE08A /* Assets.xcassets */,
				11AED76D262DA68900FBE08A /* LaunchScreen.storyboard */,
				11AED770262DA68900FBE08A /* Info.plist */,
			);
			path = LearnNewProjectSetup;
			sourceTree = "<group>";
		};
		11AED778262DA68900FBE08A /* LearnNewProjectSetupTests */ = {
			isa = PBXGroup;
			children = (
				11AED779262DA68900FBE08A /* LearnNewProjectSetupTests.swift */,
				11AED77B262DA68900FBE08A /* Info.plist */,
			);
			path = LearnNewProjectSetupTests;
			sourceTree = "<group>";
		};
		11AED783262DA68900FBE08A /* LearnNewProjectSetupUITests */ = {
			isa = PBXGroup;
			children = (
				11AED784262DA68900FBE08A /* LearnNewProjectSetupUITests.swift */,
				11AED786262DA68900FBE08A /* Info.plist */,
			);
			path = LearnNewProjectSetupUITests;
			sourceTree = "<group>";
		};
/* End PBXGroup section */

/* Begin PBXNativeTarget section */
		11AED75E262DA68600FBE08A /* LearnNewProjectSetup */ = {
			isa = PBXNativeTarget;
			buildConfigurationList = 11AED789262DA68900FBE08A /* Build configuration list for PBXNativeTarget "LearnNewProjectSetup" */;
			buildPhases = (
				11AED795262DAAD900FBE08A /* ShellScript */,
				11AED75B262DA68600FBE08A /* Sources */,
				11AED75C262DA68600FBE08A /* Frameworks */,
				11AED75D262DA68600FBE08A /* Resources */,
			);
			buildRules = (
			);
			dependencies = (
			);
			name = LearnNewProjectSetup;
			productName = LearnNewProjectSetup;
			productReference = 11AED75F262DA68600FBE08A /* LearnNewProjectSetup.app */;
			productType = "com.apple.product-type.application";
		};
		11AED774262DA68900FBE08A /* LearnNewProjectSetupTests */ = {
			isa = PBXNativeTarget;
			buildConfigurationList = 11AED78C262DA68900FBE08A /* Build configuration list for PBXNativeTarget "LearnNewProjectSetupTests" */;
			buildPhases = (
				11AED771262DA68900FBE08A /* Sources */,
				11AED772262DA68900FBE08A /* Frameworks */,
				11AED773262DA68900FBE08A /* Resources */,
			);
			buildRules = (
			);
			dependencies = (
				11AED777262DA68900FBE08A /* PBXTargetDependency */,
			);
			name = LearnNewProjectSetupTests;
			productName = LearnNewProjectSetupTests;
			productReference = 11AED775262DA68900FBE08A /* LearnNewProjectSetupTests.xctest */;
			productType = "com.apple.product-type.bundle.unit-test";
		};
		11AED77F262DA68900FBE08A /* LearnNewProjectSetupUITests */ = {
			isa = PBXNativeTarget;
			buildConfigurationList = 11AED78F262DA68900FBE08A /* Build configuration list for PBXNativeTarget "LearnNewProjectSetupUITests" */;
			buildPhases = (
				11AED77C262DA68900FBE08A /* Sources */,
				11AED77D262DA68900FBE08A /* Frameworks */,
				11AED77E262DA68900FBE08A /* Resources */,
			);
			buildRules = (
			);
			dependencies = (
				11AED782262DA68900FBE08A /* PBXTargetDependency */,
			);
			name = LearnNewProjectSetupUITests;
			productName = LearnNewProjectSetupUITests;
			productReference = 11AED780262DA68900FBE08A /* LearnNewProjectSetupUITests.xctest */;
			productType = "com.apple.product-type.bundle.ui-testing";
		};
/* End PBXNativeTarget section */

/* Begin PBXProject section */
		11AED757262DA68600FBE08A /* Project object */ = {
			isa = PBXProject;
			attributes = {
				LastSwiftUpdateCheck = 1230;
				LastUpgradeCheck = 1230;
				TargetAttributes = {
					11AED75E262DA68600FBE08A = {
						CreatedOnToolsVersion = 12.3;
					};
					11AED774262DA68900FBE08A = {
						CreatedOnToolsVersion = 12.3;
						TestTargetID = 11AED75E262DA68600FBE08A;
					};
					11AED77F262DA68900FBE08A = {
						CreatedOnToolsVersion = 12.3;
						TestTargetID = 11AED75E262DA68600FBE08A;
					};
				};
			};
			buildConfigurationList = 11AED75A262DA68600FBE08A /* Build configuration list for PBXProject "LearnNewProjectSetup" */;
			compatibilityVersion = "Xcode 9.3";
			developmentRegion = en;
			hasScannedForEncodings = 0;
			knownRegions = (
				en,
				Base,
			);
			mainGroup = 11AED756262DA68600FBE08A;
			productRefGroup = 11AED760262DA68600FBE08A /* Products */;
			projectDirPath = "";
			projectRoot = "";
			targets = (
				11AED75E262DA68600FBE08A /* LearnNewProjectSetup */,
				11AED774262DA68900FBE08A /* LearnNewProjectSetupTests */,
				11AED77F262DA68900FBE08A /* LearnNewProjectSetupUITests */,
			);
		};
/* End PBXProject section */

/* Begin PBXResourcesBuildPhase section */
		11AED75D262DA68600FBE08A /* Resources */ = {
			isa = PBXResourcesBuildPhase;
			buildActionMask = 2147483647;
			files = (
				11AED76F262DA68900FBE08A /* LaunchScreen.storyboard in Resources */,
				11AED76C262DA68900FBE08A /* Assets.xcassets in Resources */,
				11AED76A262DA68600FBE08A /* Main.storyboard in Resources */,
			);
			runOnlyForDeploymentPostprocessing = 0;
		};
		11AED773262DA68900FBE08A /* Resources */ = {
			isa = PBXResourcesBuildPhase;
			buildActionMask = 2147483647;
			files = (
			);
			runOnlyForDeploymentPostprocessing = 0;
		};
		11AED77E262DA68900FBE08A /* Resources */ = {
			isa = PBXResourcesBuildPhase;
			buildActionMask = 2147483647;
			files = (
			);
			runOnlyForDeploymentPostprocessing = 0;
		};
/* End PBXResourcesBuildPhase section */

/* Begin PBXShellScriptBuildPhase section */
		11AED795262DAAD900FBE08A /* ShellScript */ = {
			isa = PBXShellScriptBuildPhase;
			buildActionMask = 2147483647;
			files = (
			);
			inputFileListPaths = (
			);
			inputPaths = (
			);
			outputFileListPaths = (
			);
			outputPaths = (
			);
			runOnlyForDeploymentPostprocessing = 0;
			shellPath = /bin/sh;
			shellScript = "# Type a script or drag a script file from your workspace to insert its path.\nif which swiftlint >/dev/null; then\n  swiftlint\nelse\n  echo \"warning: SwiftLint not installed, download from https://github.com/realm/SwiftLint\"\nfi\n";
		};
/* End PBXShellScriptBuildPhase section */

/* Begin PBXSourcesBuildPhase section */
		11AED75B262DA68600FBE08A /* Sources */ = {
			isa = PBXSourcesBuildPhase;
			buildActionMask = 2147483647;
			files = (
				11AED767262DA68600FBE08A /* ViewController.swift in Sources */,
				11AED763262DA68600FBE08A /* AppDelegate.swift in Sources */,
				11AED765262DA68600FBE08A /* SceneDelegate.swift in Sources */,
			);
			runOnlyForDeploymentPostprocessing = 0;
		};
		11AED771262DA68900FBE08A /* Sources */ = {
			isa = PBXSourcesBuildPhase;
			buildActionMask = 2147483647;
			files = (
				11AED77A262DA68900FBE08A /* LearnNewProjectSetupTests.swift in Sources */,
			);
			runOnlyForDeploymentPostprocessing = 0;
		};
		11AED77C262DA68900FBE08A /* Sources */ = {
			isa = PBXSourcesBuildPhase;
			buildActionMask = 2147483647;
			files = (
				11AED785262DA68900FBE08A /* LearnNewProjectSetupUITests.swift in Sources */,
			);
			runOnlyForDeploymentPostprocessing = 0;
		};
/* End PBXSourcesBuildPhase section */

/* Begin PBXTargetDependency section */
		11AED777262DA68900FBE08A /* PBXTargetDependency */ = {
			isa = PBXTargetDependency;
			target = 11AED75E262DA68600FBE08A /* LearnNewProjectSetup */;
			targetProxy = 11AED776262DA68900FBE08A /* PBXContainerItemProxy */;
		};
		11AED782262DA68900FBE08A /* PBXTargetDependency */ = {
			isa = PBXTargetDependency;
			target = 11AED75E262DA68600FBE08A /* LearnNewProjectSetup */;
			targetProxy = 11AED781262DA68900FBE08A /* PBXContainerItemProxy */;
		};
/* End PBXTargetDependency section */

/* Begin PBXVariantGroup section */
		11AED768262DA68600FBE08A /* Main.storyboard */ = {
			isa = PBXVariantGroup;
			children = (
				11AED769262DA68600FBE08A /* Base */,
			);
			name = Main.storyboard;
			sourceTree = "<group>";
		};
		11AED76D262DA68900FBE08A /* LaunchScreen.storyboard */ = {
			isa = PBXVariantGroup;
			children = (
				11AED76E262DA68900FBE08A /* Base */,
			);
			name = LaunchScreen.storyboard;
			sourceTree = "<group>";
		};
/* End PBXVariantGroup section */

/* Begin XCBuildConfiguration section */
		11AED787262DA68900FBE08A /* Debug */ = {
			isa = XCBuildConfiguration;
			buildSettings = {
				ALWAYS_SEARCH_USER_PATHS = NO;
				CLANG_ANALYZER_NONNULL = YES;
				CLANG_ANALYZER_NUMBER_OBJECT_CONVERSION = YES_AGGRESSIVE;
				CLANG_CXX_LANGUAGE_STANDARD = "gnu++14";
				CLANG_CXX_LIBRARY = "libc++";
				CLANG_ENABLE_MODULES = YES;
				CLANG_ENABLE_OBJC_ARC = YES;
				CLANG_ENABLE_OBJC_WEAK = YES;
				CLANG_WARN_BLOCK_CAPTURE_AUTORELEASING = YES;
				CLANG_WARN_BOOL_CONVERSION = YES;
				CLANG_WARN_COMMA = YES;
				CLANG_WARN_CONSTANT_CONVERSION = YES;
				CLANG_WARN_DEPRECATED_OBJC_IMPLEMENTATIONS = YES;
				CLANG_WARN_DIRECT_OBJC_ISA_USAGE = YES_ERROR;
				CLANG_WARN_DOCUMENTATION_COMMENTS = YES;
				CLANG_WARN_EMPTY_BODY = YES;
				CLANG_WARN_ENUM_CONVERSION = YES;
				CLANG_WARN_INFINITE_RECURSION = YES;
				CLANG_WARN_INT_CONVERSION = YES;
				CLANG_WARN_NON_LITERAL_NULL_CONVERSION = YES;
				CLANG_WARN_OBJC_IMPLICIT_RETAIN_SELF = YES;
				CLANG_WARN_OBJC_LITERAL_CONVERSION = YES;
				CLANG_WARN_OBJC_ROOT_CLASS = YES_ERROR;
				CLANG_WARN_QUOTED_INCLUDE_IN_FRAMEWORK_HEADER = YES;
				CLANG_WARN_RANGE_LOOP_ANALYSIS = YES;
				CLANG_WARN_STRICT_PROTOTYPES = YES;
				CLANG_WARN_SUSPICIOUS_MOVE = YES;
				CLANG_WARN_UNGUARDED_AVAILABILITY = YES_AGGRESSIVE;
				CLANG_WARN_UNREACHABLE_CODE = YES;
				CLANG_WARN__DUPLICATE_METHOD_MATCH = YES;
				COPY_PHASE_STRIP = NO;
				DEBUG_INFORMATION_FORMAT = dwarf;
				ENABLE_STRICT_OBJC_MSGSEND = YES;
				ENABLE_TESTABILITY = YES;
				GCC_C_LANGUAGE_STANDARD = gnu11;
				GCC_DYNAMIC_NO_PIC = NO;
				GCC_NO_COMMON_BLOCKS = YES;
				GCC_OPTIMIZATION_LEVEL = 0;
				GCC_PREPROCESSOR_DEFINITIONS = (
					"DEBUG=1",
					"$(inherited)",
				);
				GCC_WARN_64_TO_32_BIT_CONVERSION = YES;
				GCC_WARN_ABOUT_RETURN_TYPE = YES_ERROR;
				GCC_WARN_UNDECLARED_SELECTOR = YES;
				GCC_WARN_UNINITIALIZED_AUTOS = YES_AGGRESSIVE;
				GCC_WARN_UNUSED_FUNCTION = YES;
				GCC_WARN_UNUSED_VARIABLE = YES;
				IPHONEOS_DEPLOYMENT_TARGET = 14.3;
				MTL_ENABLE_DEBUG_INFO = INCLUDE_SOURCE;
				MTL_FAST_MATH = YES;
				ONLY_ACTIVE_ARCH = YES;
				SDKROOT = iphoneos;
				SWIFT_ACTIVE_COMPILATION_CONDITIONS = DEBUG;
				SWIFT_OPTIMIZATION_LEVEL = "-Onone";
			};
			name = Debug;
		};
		11AED788262DA68900FBE08A /* Release */ = {
			isa = XCBuildConfiguration;
			buildSettings = {
				ALWAYS_SEARCH_USER_PATHS = NO;
				CLANG_ANALYZER_NONNULL = YES;
				CLANG_ANALYZER_NUMBER_OBJECT_CONVERSION = YES_AGGRESSIVE;
				CLANG_CXX_LANGUAGE_STANDARD = "gnu++14";
				CLANG_CXX_LIBRARY = "libc++";
				CLANG_ENABLE_MODULES = YES;
				CLANG_ENABLE_OBJC_ARC = YES;
				CLANG_ENABLE_OBJC_WEAK = YES;
				CLANG_WARN_BLOCK_CAPTURE_AUTORELEASING = YES;
				CLANG_WARN_BOOL_CONVERSION = YES;
				CLANG_WARN_COMMA = YES;
				CLANG_WARN_CONSTANT_CONVERSION = YES;
				CLANG_WARN_DEPRECATED_OBJC_IMPLEMENTATIONS = YES;
				CLANG_WARN_DIRECT_OBJC_ISA_USAGE = YES_ERROR;
				CLANG_WARN_DOCUMENTATION_COMMENTS = YES;
				CLANG_WARN_EMPTY_BODY = YES;
				CLANG_WARN_ENUM_CONVERSION = YES;
				CLANG_WARN_INFINITE_RECURSION = YES;
				CLANG_WARN_INT_CONVERSION = YES;
				CLANG_WARN_NON_LITERAL_NULL_CONVERSION = YES;
				CLANG_WARN_OBJC_IMPLICIT_RETAIN_SELF = YES;
				CLANG_WARN_OBJC_LITERAL_CONVERSION = YES;
				CLANG_WARN_OBJC_ROOT_CLASS = YES_ERROR;
				CLANG_WARN_QUOTED_INCLUDE_IN_FRAMEWORK_HEADER = YES;
				CLANG_WARN_RANGE_LOOP_ANALYSIS = YES;
				CLANG_WARN_STRICT_PROTOTYPES = YES;
				CLANG_WARN_SUSPICIOUS_MOVE = YES;
				CLANG_WARN_UNGUARDED_AVAILABILITY = YES_AGGRESSIVE;
				CLANG_WARN_UNREACHABLE_CODE = YES;
				CLANG_WARN__DUPLICATE_METHOD_MATCH = YES;
				COPY_PHASE_STRIP = NO;
				DEBUG_INFORMATION_FORMAT = "dwarf-with-dsym";
				ENABLE_NS_ASSERTIONS = NO;
				ENABLE_STRICT_OBJC_MSGSEND = YES;
				GCC_C_LANGUAGE_STANDARD = gnu11;
				GCC_NO_COMMON_BLOCKS = YES;
				GCC_WARN_64_TO_32_BIT_CONVERSION = YES;
				GCC_WARN_ABOUT_RETURN_TYPE = YES_ERROR;
				GCC_WARN_UNDECLARED_SELECTOR = YES;
				GCC_WARN_UNINITIALIZED_AUTOS = YES_AGGRESSIVE;
				GCC_WARN_UNUSED_FUNCTION = YES;
				GCC_WARN_UNUSED_VARIABLE = YES;
				IPHONEOS_DEPLOYMENT_TARGET = 14.3;
				MTL_ENABLE_DEBUG_INFO = NO;
				MTL_FAST_MATH = YES;
				SDKROOT = iphoneos;
				SWIFT_COMPILATION_MODE = wholemodule;
				SWIFT_OPTIMIZATION_LEVEL = "-O";
				VALIDATE_PRODUCT = YES;
			};
			name = Release;
		};
		11AED78A262DA68900FBE08A /* Debug */ = {
			isa = XCBuildConfiguration;
			buildSettings = {
				ASSETCATALOG_COMPILER_APPICON_NAME = AppIcon;
				ASSETCATALOG_COMPILER_GLOBAL_ACCENT_COLOR_NAME = AccentColor;
				CODE_SIGN_STYLE = Automatic;
				INFOPLIST_FILE = LearnNewProjectSetup/Info.plist;
				LD_RUNPATH_SEARCH_PATHS = (
					"$(inherited)",
					"@executable_path/Frameworks",
				);
				PRODUCT_BUNDLE_IDENTIFIER = com.kouv.App.LearnNewProjectSetup;
				PRODUCT_NAME = "$(TARGET_NAME)";
				SWIFT_VERSION = 5.0;
				TARGETED_DEVICE_FAMILY = "1,2";
			};
			name = Debug;
		};
		11AED78B262DA68900FBE08A /* Release */ = {
			isa = XCBuildConfiguration;
			buildSettings = {
				ASSETCATALOG_COMPILER_APPICON_NAME = AppIcon;
				ASSETCATALOG_COMPILER_GLOBAL_ACCENT_COLOR_NAME = AccentColor;
				CODE_SIGN_STYLE = Automatic;
				INFOPLIST_FILE = LearnNewProjectSetup/Info.plist;
				LD_RUNPATH_SEARCH_PATHS = (
					"$(inherited)",
					"@executable_path/Frameworks",
				);
				PRODUCT_BUNDLE_IDENTIFIER = com.kouv.App.LearnNewProjectSetup;
				PRODUCT_NAME = "$(TARGET_NAME)";
				SWIFT_VERSION = 5.0;
				TARGETED_DEVICE_FAMILY = "1,2";
			};
			name = Release;
		};
		11AED78D262DA68900FBE08A /* Debug */ = {
			isa = XCBuildConfiguration;
			buildSettings = {
				ALWAYS_EMBED_SWIFT_STANDARD_LIBRARIES = YES;
				BUNDLE_LOADER = "$(TEST_HOST)";
				CODE_SIGN_STYLE = Automatic;
				INFOPLIST_FILE = LearnNewProjectSetupTests/Info.plist;
				IPHONEOS_DEPLOYMENT_TARGET = 14.3;
				LD_RUNPATH_SEARCH_PATHS = (
					"$(inherited)",
					"@executable_path/Frameworks",
					"@loader_path/Frameworks",
				);
				PRODUCT_BUNDLE_IDENTIFIER = com.kouv.App.LearnNewProjectSetupTests;
				PRODUCT_NAME = "$(TARGET_NAME)";
				SWIFT_VERSION = 5.0;
				TARGETED_DEVICE_FAMILY = "1,2";
				TEST_HOST = "$(BUILT_PRODUCTS_DIR)/LearnNewProjectSetup.app/LearnNewProjectSetup";
			};
			name = Debug;
		};
		11AED78E262DA68900FBE08A /* Release */ = {
			isa = XCBuildConfiguration;
			buildSettings = {
				ALWAYS_EMBED_SWIFT_STANDARD_LIBRARIES = YES;
				BUNDLE_LOADER = "$(TEST_HOST)";
				CODE_SIGN_STYLE = Automatic;
				INFOPLIST_FILE = LearnNewProjectSetupTests/Info.plist;
				IPHONEOS_DEPLOYMENT_TARGET = 14.3;
				LD_RUNPATH_SEARCH_PATHS = (
					"$(inherited)",
					"@executable_path/Frameworks",
					"@loader_path/Frameworks",
				);
				PRODUCT_BUNDLE_IDENTIFIER = com.kouv.App.LearnNewProjectSetupTests;
				PRODUCT_NAME = "$(TARGET_NAME)";
				SWIFT_VERSION = 5.0;
				TARGETED_DEVICE_FAMILY = "1,2";
				TEST_HOST = "$(BUILT_PRODUCTS_DIR)/LearnNewProjectSetup.app/LearnNewProjectSetup";
			};
			name = Release;
		};
		11AED790262DA68900FBE08A /* Debug */ = {
			isa = XCBuildConfiguration;
			buildSettings = {
				ALWAYS_EMBED_SWIFT_STANDARD_LIBRARIES = YES;
				CODE_SIGN_STYLE = Automatic;
				INFOPLIST_FILE = LearnNewProjectSetupUITests/Info.plist;
				LD_RUNPATH_SEARCH_PATHS = (
					"$(inherited)",
					"@executable_path/Frameworks",
					"@loader_path/Frameworks",
				);
				PRODUCT_BUNDLE_IDENTIFIER = com.kouv.App.LearnNewProjectSetupUITests;
				PRODUCT_NAME = "$(TARGET_NAME)";
				SWIFT_VERSION = 5.0;
				TARGETED_DEVICE_FAMILY = "1,2";
				TEST_TARGET_NAME = LearnNewProjectSetup;
			};
			name = Debug;
		};
		11AED791262DA68900FBE08A /* Release */ = {
			isa = XCBuildConfiguration;
			buildSettings = {
				ALWAYS_EMBED_SWIFT_STANDARD_LIBRARIES = YES;
				CODE_SIGN_STYLE = Automatic;
				INFOPLIST_FILE = LearnNewProjectSetupUITests/Info.plist;
				LD_RUNPATH_SEARCH_PATHS = (
					"$(inherited)",
					"@executable_path/Frameworks",
					"@loader_path/Frameworks",
				);
				PRODUCT_BUNDLE_IDENTIFIER = com.kouv.App.LearnNewProjectSetupUITests;
				PRODUCT_NAME = "$(TARGET_NAME)";
				SWIFT_VERSION = 5.0;
				TARGETED_DEVICE_FAMILY = "1,2";
				TEST_TARGET_NAME = LearnNewProjectSetup;
			};
			name = Release;
		};
/* End XCBuildConfiguration section */

/* Begin XCConfigurationList section */
		11AED75A262DA68600FBE08A /* Build configuration list for PBXProject "LearnNewProjectSetup" */ = {
			isa = XCConfigurationList;
			buildConfigurations = (
				11AED787262DA68900FBE08A /* Debug */,
				11AED788262DA68900FBE08A /* Release */,
			);
			defaultConfigurationIsVisible = 0;
			defaultConfigurationName = Release;
		};
		11AED789262DA68900FBE08A /* Build configuration list for PBXNativeTarget "LearnNewProjectSetup" */ = {
			isa = XCConfigurationList;
			buildConfigurations = (
				11AED78A262DA68900FBE08A /* Debug */,
				11AED78B262DA68900FBE08A /* Release */,
			);
			defaultConfigurationIsVisible = 0;
			defaultConfigurationName = Release;
		};
		11AED78C262DA68900FBE08A /* Build configuration list for PBXNativeTarget "LearnNewProjectSetupTests" */ = {
			isa = XCConfigurationList;
			buildConfigurations = (
				11AED78D262DA68900FBE08A /* Debug */,
				11AED78E262DA68900FBE08A /* Release */,
			);
			defaultConfigurationIsVisible = 0;
			defaultConfigurationName = Release;
		};
		11AED78F262DA68900FBE08A /* Build configuration list for PBXNativeTarget "LearnNewProjectSetupUITests" */ = {
			isa = XCConfigurationList;
			buildConfigurations = (
				11AED790262DA68900FBE08A /* Debug */,
				11AED791262DA68900FBE08A /* Release */,
			);
			defaultConfigurationIsVisible = 0;
			defaultConfigurationName = Release;
		};
/* End XCConfigurationList section */
	};
	rootObject = 11AED757262DA68600FBE08A /* Project object */;
}
